
Microsoft Visual Studio Solution File, Format Version 12.00
# Visual Studio Version 17
VisualStudioVersion = 17.5.33530.505
MinimumVisualStudioVersion = 10.0.40219.1
Project("{FAE04EC0-301F-11D3-BF4B-00C04F79EFBC}") = "FolderComparer", "FolderComparer\FolderComparer.csproj", "{DD608FC6-2095-4013-AFEF-0755D8F09D19}"
EndProject
Global
	GlobalSection(SolutionConfigurationPlatforms) = preSolution
		Debug|Any CPU = Debug|Any CPU
		Release|Any CPU = Release|Any CPU
	EndGlobalSection
	GlobalSection(ProjectConfigurationPlatforms) = postSolution
		{DD608FC6-2095-4013-AFEF-0755D8F09D19}.Debug|Any CPU.ActiveCfg = Debug|Any CPU
		{DD608FC6-2095-4013-AFEF-0755D8F09D19}.Debug|Any CPU.Build.0 = Debug|Any CPU
		{DD608FC6-2095-4013-AFEF-0755D8F09D19}.Release|Any CPU.ActiveCfg = Release|Any CPU
		{DD608FC6-2095-4013-AFEF-0755D8F09D19}.Release|Any CPU.Build.0 = Release|Any CPU
	EndGlobalSection
	GlobalSection(SolutionProperties) = preSolution
		HideSolutionNode = FALSE
	EndGlobalSection
	GlobalSection(ExtensibilityGlobals) = postSolution
		SolutionGuid = {8A584EFC-6D46-4980-A87E-F5251DAE8473}
	EndGlobalSection
EndGlobal
